
Microsoft Visual Studio Solution File, Format Version 12.00
# Visual Studio Version 16
VisualStudioVersion = 16.0.29102.190
MinimumVisualStudioVersion = 10.0.40219.1
Project("{9A19103F-16F7-4668-BE54-9A1E7A4F7556}") = "PEMServer", "PEM\PEMServer.csproj", "{6BE258D6-1FA9-4D4F-9DBB-B2D6DBB9D37D}"
EndProject
Global
	GlobalSection(SolutionConfigurationPlatforms) = preSolution
		Debug|Any CPU = Debug|Any CPU
		Release|Any CPU = Release|Any CPU
	EndGlobalSection
	GlobalSection(ProjectConfigurationPlatforms) = postSolution
		{6BE258D6-1FA9-4D4F-9DBB-B2D6DBB9D37D}.Debug|Any CPU.ActiveCfg = Debug|Any CPU
		{6BE258D6-1FA9-4D4F-9DBB-B2D6DBB9D37D}.Debug|Any CPU.Build.0 = Debug|Any CPU
		{6BE258D6-1FA9-4D4F-9DBB-B2D6DBB9D37D}.Release|Any CPU.ActiveCfg = Release|Any CPU
		{6BE258D6-1FA9-4D4F-9DBB-B2D6DBB9D37D}.Release|Any CPU.Build.0 = Release|Any CPU
	EndGlobalSection
	GlobalSection(SolutionProperties) = preSolution
		HideSolutionNode = FALSE
	EndGlobalSection
	GlobalSection(ExtensibilityGlobals) = postSolution
		SolutionGuid = {3BA792E9-8C0E-44F2-A47F-61005A03C1D1}
	EndGlobalSection
EndGlobal
